
Microsoft Visual Studio Solution File, Format Version 12.00
# Visual Studio Version 17
VisualStudioVersion = 17.4.33205.214
MinimumVisualStudioVersion = 10.0.40219.1
Project("{888888A0-9F3D-457C-B088-3A5042F75D52}") = "GNC-FitnessApp", "GNC-FitnessApp.pyproj", "{DD6409F4-15F5-4F61-B906-0177173B0761}"
EndProject
Global
	GlobalSection(SolutionConfigurationPlatforms) = preSolution
		Debug|Any CPU = Debug|Any CPU
		Release|Any CPU = Release|Any CPU
	EndGlobalSection
	GlobalSection(ProjectConfigurationPlatforms) = postSolution
		{DD6409F4-15F5-4F61-B906-0177173B0761}.Debug|Any CPU.ActiveCfg = Debug|Any CPU
		{DD6409F4-15F5-4F61-B906-0177173B0761}.Debug|Any CPU.Build.0 = Debug|Any CPU
		{DD6409F4-15F5-4F61-B906-0177173B0761}.Release|Any CPU.ActiveCfg = Release|Any CPU
		{DD6409F4-15F5-4F61-B906-0177173B0761}.Release|Any CPU.Build.0 = Release|Any CPU
	EndGlobalSection
	GlobalSection(SolutionProperties) = preSolution
		HideSolutionNode = FALSE
	EndGlobalSection
	GlobalSection(ExtensibilityGlobals) = postSolution
		SolutionGuid = {3D142FC2-CDF0-46A7-B5B1-9BD227DD130A}
	EndGlobalSection
EndGlobal
